
Microsoft Visual Studio Solution File, Format Version 11.00
# Visual Studio 2010
Project("{8BC9CEB8-8B4A-11D0-8D11-00A0C91BC942}") = "demo06", "demo06\demo06.vcxproj", "{F50F0472-EB3C-4E37-BE35-6FA6E334E02E}"
EndProject
Global
	GlobalSection(SolutionConfigurationPlatforms) = preSolution
		Debug|Win32 = Debug|Win32
		Release|Win32 = Release|Win32
	EndGlobalSection
	GlobalSection(ProjectConfigurationPlatforms) = postSolution
		{F50F0472-EB3C-4E37-BE35-6FA6E334E02E}.Debug|Win32.ActiveCfg = Debug|Win32
		{F50F0472-EB3C-4E37-BE35-6FA6E334E02E}.Debug|Win32.Build.0 = Debug|Win32
		{F50F0472-EB3C-4E37-BE35-6FA6E334E02E}.Release|Win32.ActiveCfg = Release|Win32
		{F50F0472-EB3C-4E37-BE35-6FA6E334E02E}.Release|Win32.Build.0 = Release|Win32
	EndGlobalSection
	GlobalSection(SolutionProperties) = preSolution
		HideSolutionNode = FALSE
	EndGlobalSection
EndGlobal
